
Microsoft Visual Studio Solution File, Format Version 12.00
# Visual Studio Version 16
VisualStudioVersion = 16.0.31515.178
MinimumVisualStudioVersion = 10.0.40219.1
Project("{FAE04EC0-301F-11D3-BF4B-00C04F79EFBC}") = "ECommerce", "ECommerce\ECommerce.csproj", "{EB0B9B75-0C9F-4C97-AC0A-C03E2B6C7D3A}"
EndProject
Global
	GlobalSection(SolutionConfigurationPlatforms) = preSolution
		Debug|Any CPU = Debug|Any CPU
		Release|Any CPU = Release|Any CPU
	EndGlobalSection
	GlobalSection(ProjectConfigurationPlatforms) = postSolution
		{EB0B9B75-0C9F-4C97-AC0A-C03E2B6C7D3A}.Debug|Any CPU.ActiveCfg = Debug|Any CPU
		{EB0B9B75-0C9F-4C97-AC0A-C03E2B6C7D3A}.Debug|Any CPU.Build.0 = Debug|Any CPU
		{EB0B9B75-0C9F-4C97-AC0A-C03E2B6C7D3A}.Release|Any CPU.ActiveCfg = Release|Any CPU
		{EB0B9B75-0C9F-4C97-AC0A-C03E2B6C7D3A}.Release|Any CPU.Build.0 = Release|Any CPU
	EndGlobalSection
	GlobalSection(SolutionProperties) = preSolution
		HideSolutionNode = FALSE
	EndGlobalSection
	GlobalSection(ExtensibilityGlobals) = postSolution
		SolutionGuid = {EED533F7-FAA4-4C33-9C2F-33AA88C138EA}
	EndGlobalSection
EndGlobal
